
Microsoft Visual Studio Solution File, Format Version 11.00
# Visual Studio 2010
Project("{FAE04EC0-301F-11D3-BF4B-00C04F79EFBC}") = "Mite.Console", "Mite\Mite.Console.csproj", "{0D646057-57A0-4C3A-BC8C-96840C9EE9F2}"
EndProject
Project("{FAE04EC0-301F-11D3-BF4B-00C04F79EFBC}") = "Mite.Test", "Mite.Test\Mite.Test.csproj", "{0F3BA261-047B-4025-BC67-21D93EC1EC93}"
EndProject
Project("{FAE04EC0-301F-11D3-BF4B-00C04F79EFBC}") = "Mite.Core", "Mite.Core\Mite.Core.csproj", "{EEB7F868-CB07-4DB3-939A-2F342EACBA9F}"
EndProject
Project("{54435603-DBB4-11D2-8724-00A0C9A8B90C}") = "Mite.Installer", "Mite.Installer\Mite.Installer.vdproj", "{01BC86C3-6E32-42AD-B33C-314E4607B1D1}"
EndProject
Project("{FAE04EC0-301F-11D3-BF4B-00C04F79EFBC}") = "Mite.MsSql", "Mite.MsSql\Mite.MsSql.csproj", "{129F8613-60B3-4D61-8147-723C130E6978}"
EndProject
Project("{FAE04EC0-301F-11D3-BF4B-00C04F79EFBC}") = "Mite.MySql", "Mite.MySql\Mite.MySql.csproj", "{D25ABB48-5A87-42F0-9B5C-00433AA02664}"
EndProject
Project("{2150E333-8FDC-42A3-9474-1A3956D46DE8}") = "Additional Items", "Additional Items", "{85AFD008-4F19-48DC-871D-87DABF329B97}"
	ProjectSection(SolutionItems) = preProject
		buildmono.bat = buildmono.bat
		README.md = README.md
	EndProjectSection
EndProject
Global
	GlobalSection(SolutionConfigurationPlatforms) = preSolution
		CD_ROM|Any CPU = CD_ROM|Any CPU
		CD_ROM|Mixed Platforms = CD_ROM|Mixed Platforms
		CD_ROM|x64 = CD_ROM|x64
		CD_ROM|x86 = CD_ROM|x86
		Debug|Any CPU = Debug|Any CPU
		Debug|Mixed Platforms = Debug|Mixed Platforms
		Debug|x64 = Debug|x64
		Debug|x86 = Debug|x86
		DVD-5|Any CPU = DVD-5|Any CPU
		DVD-5|Mixed Platforms = DVD-5|Mixed Platforms
		DVD-5|x64 = DVD-5|x64
		DVD-5|x86 = DVD-5|x86
		Release|Any CPU = Release|Any CPU
		Release|Mixed Platforms = Release|Mixed Platforms
		Release|x64 = Release|x64
		Release|x86 = Release|x86
		SingleImage|Any CPU = SingleImage|Any CPU
		SingleImage|Mixed Platforms = SingleImage|Mixed Platforms
		SingleImage|x64 = SingleImage|x64
		SingleImage|x86 = SingleImage|x86
	EndGlobalSection
	GlobalSection(ProjectConfigurationPlatforms) = postSolution
		{0D646057-57A0-4C3A-BC8C-96840C9EE9F2}.CD_ROM|Any CPU.ActiveCfg = Release|x86
		{0D646057-57A0-4C3A-BC8C-96840C9EE9F2}.CD_ROM|Mixed Platforms.ActiveCfg = Release|x86
		{0D646057-57A0-4C3A-BC8C-96840C9EE9F2}.CD_ROM|Mixed Platforms.Build.0 = Release|x86
		{0D646057-57A0-4C3A-BC8C-96840C9EE9F2}.CD_ROM|x64.ActiveCfg = Release|Any CPU
		{0D646057-57A0-4C3A-BC8C-96840C9EE9F2}.CD_ROM|x86.ActiveCfg = Release|x86
		{0D646057-57A0-4C3A-BC8C-96840C9EE9F2}.CD_ROM|x86.Build.0 = Release|x86
		{0D646057-57A0-4C3A-BC8C-96840C9EE9F2}.Debug|Any CPU.ActiveCfg = Debug|Any CPU
		{0D646057-57A0-4C3A-BC8C-96840C9EE9F2}.Debug|Any CPU.Build.0 = Debug|Any CPU
		{0D646057-57A0-4C3A-BC8C-96840C9EE9F2}.Debug|Mixed Platforms.ActiveCfg = Debug|x86
		{0D646057-57A0-4C3A-BC8C-96840C9EE9F2}.Debug|Mixed Platforms.Build.0 = Debug|x86
		{0D646057-57A0-4C3A-BC8C-96840C9EE9F2}.Debug|x64.ActiveCfg = Debug|x86
		{0D646057-57A0-4C3A-BC8C-96840C9EE9F2}.Debug|x86.ActiveCfg = Debug|Any CPU
		{0D646057-57A0-4C3A-BC8C-96840C9EE9F2}.Debug|x86.Build.0 = Debug|Any CPU
		{0D646057-57A0-4C3A-BC8C-96840C9EE9F2}.DVD-5|Any CPU.ActiveCfg = Debug|x86
		{0D646057-57A0-4C3A-BC8C-96840C9EE9F2}.DVD-5|Mixed Platforms.ActiveCfg = Debug|x86
		{0D646057-57A0-4C3A-BC8C-96840C9EE9F2}.DVD-5|Mixed Platforms.Build.0 = Debug|x86
		{0D646057-57A0-4C3A-BC8C-96840C9EE9F2}.DVD-5|x64.ActiveCfg = Debug|Any CPU
		{0D646057-57A0-4C3A-BC8C-96840C9EE9F2}.DVD-5|x86.ActiveCfg = Debug|x86
		{0D646057-57A0-4C3A-BC8C-96840C9EE9F2}.DVD-5|x86.Build.0 = Debug|x86
		{0D646057-57A0-4C3A-BC8C-96840C9EE9F2}.Release|Any CPU.ActiveCfg = Release|Any CPU
		{0D646057-57A0-4C3A-BC8C-96840C9EE9F2}.Release|Any CPU.Build.0 = Release|Any CPU
		{0D646057-57A0-4C3A-BC8C-96840C9EE9F2}.Release|Mixed Platforms.ActiveCfg = Release|x86
		{0D646057-57A0-4C3A-BC8C-96840C9EE9F2}.Release|Mixed Platforms.Build.0 = Release|x86
		{0D646057-57A0-4C3A-BC8C-96840C9EE9F2}.Release|x64.ActiveCfg = Release|x86
		{0D646057-57A0-4C3A-BC8C-96840C9EE9F2}.Release|x86.ActiveCfg = Release|Any CPU
		{0D646057-57A0-4C3A-BC8C-96840C9EE9F2}.Release|x86.Build.0 = Release|Any CPU
		{0D646057-57A0-4C3A-BC8C-96840C9EE9F2}.SingleImage|Any CPU.ActiveCfg = Release|Any CPU
		{0D646057-57A0-4C3A-BC8C-96840C9EE9F2}.SingleImage|Mixed Platforms.ActiveCfg = Release|x86
		{0D646057-57A0-4C3A-BC8C-96840C9EE9F2}.SingleImage|Mixed Platforms.Build.0 = Release|x86
		{0D646057-57A0-4C3A-BC8C-96840C9EE9F2}.SingleImage|x64.ActiveCfg = Release|Any CPU
		{0D646057-57A0-4C3A-BC8C-96840C9EE9F2}.SingleImage|x86.ActiveCfg = Release|x86
		{0D646057-57A0-4C3A-BC8C-96840C9EE9F2}.SingleImage|x86.Build.0 = Release|x86
		{0F3BA261-047B-4025-BC67-21D93EC1EC93}.CD_ROM|Any CPU.ActiveCfg = Release|Any CPU
		{0F3BA261-047B-4025-BC67-21D93EC1EC93}.CD_ROM|Any CPU.Build.0 = Release|Any CPU
		{0F3BA261-047B-4025-BC67-21D93EC1EC93}.CD_ROM|Mixed Platforms.ActiveCfg = Release|Any CPU
		{0F3BA261-047B-4025-BC67-21D93EC1EC93}.CD_ROM|Mixed Platforms.Build.0 = Release|Any CPU
		{0F3BA261-047B-4025-BC67-21D93EC1EC93}.CD_ROM|x64.ActiveCfg = Release|Any CPU
		{0F3BA261-047B-4025-BC67-21D93EC1EC93}.CD_ROM|x86.ActiveCfg = Release|Any CPU
		{0F3BA261-047B-4025-BC67-21D93EC1EC93}.Debug|Any CPU.ActiveCfg = Debug|Any CPU
		{0F3BA261-047B-4025-BC67-21D93EC1EC93}.Debug|Any CPU.Build.0 = Debug|Any CPU
		{0F3BA261-047B-4025-BC67-21D93EC1EC93}.Debug|Mixed Platforms.ActiveCfg = Debug|Any CPU
		{0F3BA261-047B-4025-BC67-21D93EC1EC93}.Debug|Mixed Platforms.Build.0 = Debug|Any CPU
		{0F3BA261-047B-4025-BC67-21D93EC1EC93}.Debug|x64.ActiveCfg = Debug|Any CPU
		{0F3BA261-047B-4025-BC67-21D93EC1EC93}.Debug|x86.ActiveCfg = Debug|Any CPU
		{0F3BA261-047B-4025-BC67-21D93EC1EC93}.Debug|x86.Build.0 = Debug|Any CPU
		{0F3BA261-047B-4025-BC67-21D93EC1EC93}.DVD-5|Any CPU.ActiveCfg = Debug|Any CPU
		{0F3BA261-047B-4025-BC67-21D93EC1EC93}.DVD-5|Any CPU.Build.0 = Debug|Any CPU
		{0F3BA261-047B-4025-BC67-21D93EC1EC93}.DVD-5|Mixed Platforms.ActiveCfg = Debug|Any CPU
		{0F3BA261-047B-4025-BC67-21D93EC1EC93}.DVD-5|Mixed Platforms.Build.0 = Debug|Any CPU
		{0F3BA261-047B-4025-BC67-21D93EC1EC93}.DVD-5|x64.ActiveCfg = Debug|Any CPU
		{0F3BA261-047B-4025-BC67-21D93EC1EC93}.DVD-5|x86.ActiveCfg = Debug|Any CPU
		{0F3BA261-047B-4025-BC67-21D93EC1EC93}.Release|Any CPU.ActiveCfg = Release|Any CPU
		{0F3BA261-047B-4025-BC67-21D93EC1EC93}.Release|Any CPU.Build.0 = Release|Any CPU
		{0F3BA261-047B-4025-BC67-21D93EC1EC93}.Release|Mixed Platforms.ActiveCfg = Release|Any CPU
		{0F3BA261-047B-4025-BC67-21D93EC1EC93}.Release|Mixed Platforms.Build.0 = Release|Any CPU
		{0F3BA261-047B-4025-BC67-21D93EC1EC93}.Release|x64.ActiveCfg = Release|Any CPU
		{0F3BA261-047B-4025-BC67-21D93EC1EC93}.Release|x86.ActiveCfg = Release|Any CPU
		{0F3BA261-047B-4025-BC67-21D93EC1EC93}.SingleImage|Any CPU.ActiveCfg = Release|Any CPU
		{0F3BA261-047B-4025-BC67-21D93EC1EC93}.SingleImage|Any CPU.Build.0 = Release|Any CPU
		{0F3BA261-047B-4025-BC67-21D93EC1EC93}.SingleImage|Mixed Platforms.ActiveCfg = Release|Any CPU
		{0F3BA261-047B-4025-BC67-21D93EC1EC93}.SingleImage|Mixed Platforms.Build.0 = Release|Any CPU
		{0F3BA261-047B-4025-BC67-21D93EC1EC93}.SingleImage|x64.ActiveCfg = Release|Any CPU
		{0F3BA261-047B-4025-BC67-21D93EC1EC93}.SingleImage|x86.ActiveCfg = Release|Any CPU
		{EEB7F868-CB07-4DB3-939A-2F342EACBA9F}.CD_ROM|Any CPU.ActiveCfg = Release|Any CPU
		{EEB7F868-CB07-4DB3-939A-2F342EACBA9F}.CD_ROM|Any CPU.Build.0 = Release|Any CPU
		{EEB7F868-CB07-4DB3-939A-2F342EACBA9F}.CD_ROM|Mixed Platforms.ActiveCfg = Release|Any CPU
		{EEB7F868-CB07-4DB3-939A-2F342EACBA9F}.CD_ROM|Mixed Platforms.Build.0 = Release|Any CPU
		{EEB7F868-CB07-4DB3-939A-2F342EACBA9F}.CD_ROM|x64.ActiveCfg = Release|Any CPU
		{EEB7F868-CB07-4DB3-939A-2F342EACBA9F}.CD_ROM|x86.ActiveCfg = Release|Any CPU
		{EEB7F868-CB07-4DB3-939A-2F342EACBA9F}.Debug|Any CPU.ActiveCfg = Debug|Any CPU
		{EEB7F868-CB07-4DB3-939A-2F342EACBA9F}.Debug|Any CPU.Build.0 = Debug|Any CPU
		{EEB7F868-CB07-4DB3-939A-2F342EACBA9F}.Debug|Mixed Platforms.ActiveCfg = Debug|Any CPU
		{EEB7F868-CB07-4DB3-939A-2F342EACBA9F}.Debug|Mixed Platforms.Build.0 = Debug|Any CPU
		{EEB7F868-CB07-4DB3-939A-2F342EACBA9F}.Debug|x64.ActiveCfg = Debug|Any CPU
		{EEB7F868-CB07-4DB3-939A-2F342EACBA9F}.Debug|x86.ActiveCfg = Debug|Any CPU
		{EEB7F868-CB07-4DB3-939A-2F342EACBA9F}.Debug|x86.Build.0 = Debug|Any CPU
		{EEB7F868-CB07-4DB3-939A-2F342EACBA9F}.DVD-5|Any CPU.ActiveCfg = Debug|Any CPU
		{EEB7F868-CB07-4DB3-939A-2F342EACBA9F}.DVD-5|Any CPU.Build.0 = Debug|Any CPU
		{EEB7F868-CB07-4DB3-939A-2F342EACBA9F}.DVD-5|Mixed Platforms.ActiveCfg = Debug|Any CPU
		{EEB7F868-CB07-4DB3-939A-2F342EACBA9F}.DVD-5|Mixed Platforms.Build.0 = Debug|Any CPU
		{EEB7F868-CB07-4DB3-939A-2F342EACBA9F}.DVD-5|x64.ActiveCfg = Debug|Any CPU
		{EEB7F868-CB07-4DB3-939A-2F342EACBA9F}.DVD-5|x86.ActiveCfg = Debug|Any CPU
		{EEB7F868-CB07-4DB3-939A-2F342EACBA9F}.Release|Any CPU.ActiveCfg = Release|Any CPU
		{EEB7F868-CB07-4DB3-939A-2F342EACBA9F}.Release|Any CPU.Build.0 = Release|Any CPU
		{EEB7F868-CB07-4DB3-939A-2F342EACBA9F}.Release|Mixed Platforms.ActiveCfg = Release|Any CPU
		{EEB7F868-CB07-4DB3-939A-2F342EACBA9F}.Release|Mixed Platforms.Build.0 = Release|Any CPU
		{EEB7F868-CB07-4DB3-939A-2F342EACBA9F}.Release|x64.ActiveCfg = Release|Any CPU
		{EEB7F868-CB07-4DB3-939A-2F342EACBA9F}.Release|x86.ActiveCfg = Release|Any CPU
		{EEB7F868-CB07-4DB3-939A-2F342EACBA9F}.Release|x86.Build.0 = Release|Any CPU
		{EEB7F868-CB07-4DB3-939A-2F342EACBA9F}.SingleImage|Any CPU.ActiveCfg = Release|Any CPU
		{EEB7F868-CB07-4DB3-939A-2F342EACBA9F}.SingleImage|Any CPU.Build.0 = Release|Any CPU
		{EEB7F868-CB07-4DB3-939A-2F342EACBA9F}.SingleImage|Mixed Platforms.ActiveCfg = Release|Any CPU
		{EEB7F868-CB07-4DB3-939A-2F342EACBA9F}.SingleImage|Mixed Platforms.Build.0 = Release|Any CPU
		{EEB7F868-CB07-4DB3-939A-2F342EACBA9F}.SingleImage|x64.ActiveCfg = Release|Any CPU
		{EEB7F868-CB07-4DB3-939A-2F342EACBA9F}.SingleImage|x86.ActiveCfg = Release|Any CPU
		{01BC86C3-6E32-42AD-B33C-314E4607B1D1}.CD_ROM|Any CPU.ActiveCfg = Release
		{01BC86C3-6E32-42AD-B33C-314E4607B1D1}.CD_ROM|Mixed Platforms.ActiveCfg = Release
		{01BC86C3-6E32-42AD-B33C-314E4607B1D1}.CD_ROM|x64.ActiveCfg = Release
		{01BC86C3-6E32-42AD-B33C-314E4607B1D1}.CD_ROM|x86.ActiveCfg = Release
		{01BC86C3-6E32-42AD-B33C-314E4607B1D1}.Debug|Any CPU.ActiveCfg = Debug
		{01BC86C3-6E32-42AD-B33C-314E4607B1D1}.Debug|Mixed Platforms.ActiveCfg = Debug
		{01BC86C3-6E32-42AD-B33C-314E4607B1D1}.Debug|x64.ActiveCfg = Debug
		{01BC86C3-6E32-42AD-B33C-314E4607B1D1}.Debug|x86.ActiveCfg = Debug
		{01BC86C3-6E32-42AD-B33C-314E4607B1D1}.DVD-5|Any CPU.ActiveCfg = Debug
		{01BC86C3-6E32-42AD-B33C-314E4607B1D1}.DVD-5|Mixed Platforms.ActiveCfg = Debug
		{01BC86C3-6E32-42AD-B33C-314E4607B1D1}.DVD-5|x64.ActiveCfg = Debug
		{01BC86C3-6E32-42AD-B33C-314E4607B1D1}.DVD-5|x86.ActiveCfg = Debug
		{01BC86C3-6E32-42AD-B33C-314E4607B1D1}.Release|Any CPU.ActiveCfg = Release
		{01BC86C3-6E32-42AD-B33C-314E4607B1D1}.Release|Mixed Platforms.ActiveCfg = Release
		{01BC86C3-6E32-42AD-B33C-314E4607B1D1}.Release|x64.ActiveCfg = Release
		{01BC86C3-6E32-42AD-B33C-314E4607B1D1}.Release|x86.ActiveCfg = Release
		{01BC86C3-6E32-42AD-B33C-314E4607B1D1}.SingleImage|Any CPU.ActiveCfg = Release
		{01BC86C3-6E32-42AD-B33C-314E4607B1D1}.SingleImage|Mixed Platforms.ActiveCfg = Release
		{01BC86C3-6E32-42AD-B33C-314E4607B1D1}.SingleImage|x64.ActiveCfg = Release
		{01BC86C3-6E32-42AD-B33C-314E4607B1D1}.SingleImage|x86.ActiveCfg = Release
		{129F8613-60B3-4D61-8147-723C130E6978}.CD_ROM|Any CPU.ActiveCfg = Release|Any CPU
		{129F8613-60B3-4D61-8147-723C130E6978}.CD_ROM|Any CPU.Build.0 = Release|Any CPU
		{129F8613-60B3-4D61-8147-723C130E6978}.CD_ROM|Mixed Platforms.ActiveCfg = Release|Any CPU
		{129F8613-60B3-4D61-8147-723C130E6978}.CD_ROM|Mixed Platforms.Build.0 = Release|Any CPU
		{129F8613-60B3-4D61-8147-723C130E6978}.CD_ROM|x64.ActiveCfg = Release|Any CPU
		{129F8613-60B3-4D61-8147-723C130E6978}.CD_ROM|x86.ActiveCfg = Release|Any CPU
		{129F8613-60B3-4D61-8147-723C130E6978}.Debug|Any CPU.ActiveCfg = Debug|Any CPU
		{129F8613-60B3-4D61-8147-723C130E6978}.Debug|Any CPU.Build.0 = Debug|Any CPU
		{129F8613-60B3-4D61-8147-723C130E6978}.Debug|Mixed Platforms.ActiveCfg = Debug|Any CPU
		{129F8613-60B3-4D61-8147-723C130E6978}.Debug|Mixed Platforms.Build.0 = Debug|Any CPU
		{129F8613-60B3-4D61-8147-723C130E6978}.Debug|x64.ActiveCfg = Debug|Any CPU
		{129F8613-60B3-4D61-8147-723C130E6978}.Debug|x86.ActiveCfg = Debug|Any CPU
		{129F8613-60B3-4D61-8147-723C130E6978}.Debug|x86.Build.0 = Debug|Any CPU
		{129F8613-60B3-4D61-8147-723C130E6978}.DVD-5|Any CPU.ActiveCfg = Debug|Any CPU
		{129F8613-60B3-4D61-8147-723C130E6978}.DVD-5|Any CPU.Build.0 = Debug|Any CPU
		{129F8613-60B3-4D61-8147-723C130E6978}.DVD-5|Mixed Platforms.ActiveCfg = Debug|Any CPU
		{129F8613-60B3-4D61-8147-723C130E6978}.DVD-5|Mixed Platforms.Build.0 = Debug|Any CPU
		{129F8613-60B3-4D61-8147-723C130E6978}.DVD-5|x64.ActiveCfg = Debug|Any CPU
		{129F8613-60B3-4D61-8147-723C130E6978}.DVD-5|x86.ActiveCfg = Debug|Any CPU
		{129F8613-60B3-4D61-8147-723C130E6978}.Release|Any CPU.ActiveCfg = Release|Any CPU
		{129F8613-60B3-4D61-8147-723C130E6978}.Release|Any CPU.Build.0 = Release|Any CPU
		{129F8613-60B3-4D61-8147-723C130E6978}.Release|Mixed Platforms.ActiveCfg = Release|Any CPU
		{129F8613-60B3-4D61-8147-723C130E6978}.Release|Mixed Platforms.Build.0 = Release|Any CPU
		{129F8613-60B3-4D61-8147-723C130E6978}.Release|x64.ActiveCfg = Release|Any CPU
		{129F8613-60B3-4D61-8147-723C130E6978}.Release|x86.ActiveCfg = Release|Any CPU
		{129F8613-60B3-4D61-8147-723C130E6978}.SingleImage|Any CPU.ActiveCfg = Release|Any CPU
		{129F8613-60B3-4D61-8147-723C130E6978}.SingleImage|Any CPU.Build.0 = Release|Any CPU
		{129F8613-60B3-4D61-8147-723C130E6978}.SingleImage|Mixed Platforms.ActiveCfg = Release|Any CPU
		{129F8613-60B3-4D61-8147-723C130E6978}.SingleImage|Mixed Platforms.Build.0 = Release|Any CPU
		{129F8613-60B3-4D61-8147-723C130E6978}.SingleImage|x64.ActiveCfg = Release|Any CPU
		{129F8613-60B3-4D61-8147-723C130E6978}.SingleImage|x86.ActiveCfg = Release|Any CPU
		{D25ABB48-5A87-42F0-9B5C-00433AA02664}.CD_ROM|Any CPU.ActiveCfg = Release|Any CPU
		{D25ABB48-5A87-42F0-9B5C-00433AA02664}.CD_ROM|Any CPU.Build.0 = Release|Any CPU
		{D25ABB48-5A87-42F0-9B5C-00433AA02664}.CD_ROM|Mixed Platforms.ActiveCfg = Release|Any CPU
		{D25ABB48-5A87-42F0-9B5C-00433AA02664}.CD_ROM|Mixed Platforms.Build.0 = Release|Any CPU
		{D25ABB48-5A87-42F0-9B5C-00433AA02664}.CD_ROM|x64.ActiveCfg = Release|Any CPU
		{D25ABB48-5A87-42F0-9B5C-00433AA02664}.CD_ROM|x86.ActiveCfg = Release|Any CPU
		{D25ABB48-5A87-42F0-9B5C-00433AA02664}.Debug|Any CPU.ActiveCfg = Debug|Any CPU
		{D25ABB48-5A87-42F0-9B5C-00433AA02664}.Debug|Any CPU.Build.0 = Debug|Any CPU
		{D25ABB48-5A87-42F0-9B5C-00433AA02664}.Debug|Mixed Platforms.ActiveCfg = Debug|Any CPU
		{D25ABB48-5A87-42F0-9B5C-00433AA02664}.Debug|Mixed Platforms.Build.0 = Debug|Any CPU
		{D25ABB48-5A87-42F0-9B5C-00433AA02664}.Debug|x64.ActiveCfg = Debug|Any CPU
		{D25ABB48-5A87-42F0-9B5C-00433AA02664}.Debug|x86.ActiveCfg = Debug|Any CPU
		{D25ABB48-5A87-42F0-9B5C-00433AA02664}.Debug|x86.Build.0 = Debug|Any CPU
		{D25ABB48-5A87-42F0-9B5C-00433AA02664}.DVD-5|Any CPU.ActiveCfg = Debug|Any CPU
		{D25ABB48-5A87-42F0-9B5C-00433AA02664}.DVD-5|Any CPU.Build.0 = Debug|Any CPU
		{D25ABB48-5A87-42F0-9B5C-00433AA02664}.DVD-5|Mixed Platforms.ActiveCfg = Debug|Any CPU
		{D25ABB48-5A87-42F0-9B5C-00433AA02664}.DVD-5|Mixed Platforms.Build.0 = Debug|Any CPU
		{D25ABB48-5A87-42F0-9B5C-00433AA02664}.DVD-5|x64.ActiveCfg = Debug|Any CPU
		{D25ABB48-5A87-42F0-9B5C-00433AA02664}.DVD-5|x86.ActiveCfg = Debug|Any CPU
		{D25ABB48-5A87-42F0-9B5C-00433AA02664}.Release|Any CPU.ActiveCfg = Release|Any CPU
		{D25ABB48-5A87-42F0-9B5C-00433AA02664}.Release|Any CPU.Build.0 = Release|Any CPU
		{D25ABB48-5A87-42F0-9B5C-00433AA02664}.Release|Mixed Platforms.ActiveCfg = Release|Any CPU
		{D25ABB48-5A87-42F0-9B5C-00433AA02664}.Release|Mixed Platforms.Build.0 = Release|Any CPU
		{D25ABB48-5A87-42F0-9B5C-00433AA02664}.Release|x64.ActiveCfg = Release|Any CPU
		{D25ABB48-5A87-42F0-9B5C-00433AA02664}.Release|x86.ActiveCfg = Release|Any CPU
		{D25ABB48-5A87-42F0-9B5C-00433AA02664}.SingleImage|Any CPU.ActiveCfg = Release|Any CPU
		{D25ABB48-5A87-42F0-9B5C-00433AA02664}.SingleImage|Any CPU.Build.0 = Release|Any CPU
		{D25ABB48-5A87-42F0-9B5C-00433AA02664}.SingleImage|Mixed Platforms.ActiveCfg = Release|Any CPU
		{D25ABB48-5A87-42F0-9B5C-00433AA02664}.SingleImage|Mixed Platforms.Build.0 = Release|Any CPU
		{D25ABB48-5A87-42F0-9B5C-00433AA02664}.SingleImage|x64.ActiveCfg = Release|Any CPU
		{D25ABB48-5A87-42F0-9B5C-00433AA02664}.SingleImage|x86.ActiveCfg = Release|Any CPU
	EndGlobalSection
	GlobalSection(SolutionProperties) = preSolution
		HideSolutionNode = FALSE
	EndGlobalSection
EndGlobal
