
Microsoft Visual Studio Solution File, Format Version 12.00
# Visual Studio 15
VisualStudioVersion = 15.0.26730.16
MinimumVisualStudioVersion = 10.0.40219.1
Project("{FAE04EC0-301F-11D3-BF4B-00C04F79EFBC}") = "Mite.Console", "Mite\Mite.Console.csproj", "{0D646057-57A0-4C3A-BC8C-96840C9EE9F2}"
EndProject
Project("{FAE04EC0-301F-11D3-BF4B-00C04F79EFBC}") = "Mite.Test", "Mite.Test\Mite.Test.csproj", "{0F3BA261-047B-4025-BC67-21D93EC1EC93}"
EndProject
Project("{FAE04EC0-301F-11D3-BF4B-00C04F79EFBC}") = "Mite.Core", "Mite.Core\Mite.Core.csproj", "{EEB7F868-CB07-4DB3-939A-2F342EACBA9F}"
EndProject
Project("{FAE04EC0-301F-11D3-BF4B-00C04F79EFBC}") = "Mite.MsSql", "Mite.MsSql\Mite.MsSql.csproj", "{129F8613-60B3-4D61-8147-723C130E6978}"
EndProject
Project("{FAE04EC0-301F-11D3-BF4B-00C04F79EFBC}") = "Mite.MySql", "Mite.MySql\Mite.MySql.csproj", "{D25ABB48-5A87-42F0-9B5C-00433AA02664}"
EndProject
Project("{2150E333-8FDC-42A3-9474-1A3956D46DE8}") = "Additional Items", "Additional Items", "{85AFD008-4F19-48DC-871D-87DABF329B97}"
	ProjectSection(SolutionItems) = preProject
		buildmono.bat = buildmono.bat
		README.md = README.md
	EndProjectSection
EndProject
Project("{FAE04EC0-301F-11D3-BF4B-00C04F79EFBC}") = "Mite.Wpf", "Mite.Wpf\Mite.Wpf.csproj", "{B2982731-763B-4EB7-8E17-C34728E162B4}"
EndProject
Project("{FAE04EC0-301F-11D3-BF4B-00C04F79EFBC}") = "Mite.Builder", "Mite.Builder\Mite.Builder.csproj", "{F5F81613-1B52-46DA-8D7F-F9B3899A025E}"
EndProject
Project("{FAE04EC0-301F-11D3-BF4B-00C04F79EFBC}") = "MsBuildTask", "MsBuildTask\MsBuildTask.csproj", "{D62FD3FE-4873-408A-B750-8150943297B8}"
EndProject
Project("{FAE04EC0-301F-11D3-BF4B-00C04F79EFBC}") = "ExampleMsBuildTask", "ExampleMsBuildTask\ExampleMsBuildTask.csproj", "{E79F82AB-79A7-4B3D-9B64-98B409299ED3}"
EndProject
Project("{2150E333-8FDC-42A3-9474-1A3956D46DE8}") = "MsBuild", "MsBuild", "{A1EDB2E6-C8DB-4E4B-B65C-5C4FC89EEC1C}"
EndProject
Global
	GlobalSection(SolutionConfigurationPlatforms) = preSolution
		CD_ROM|Any CPU = CD_ROM|Any CPU
		CD_ROM|Mixed Platforms = CD_ROM|Mixed Platforms
		CD_ROM|x64 = CD_ROM|x64
		CD_ROM|x86 = CD_ROM|x86
		Debug|Any CPU = Debug|Any CPU
		Debug|Mixed Platforms = Debug|Mixed Platforms
		Debug|x64 = Debug|x64
		Debug|x86 = Debug|x86
		DVD-5|Any CPU = DVD-5|Any CPU
		DVD-5|Mixed Platforms = DVD-5|Mixed Platforms
		DVD-5|x64 = DVD-5|x64
		DVD-5|x86 = DVD-5|x86
		Release|Any CPU = Release|Any CPU
		Release|Mixed Platforms = Release|Mixed Platforms
		Release|x64 = Release|x64
		Release|x86 = Release|x86
		SingleImage|Any CPU = SingleImage|Any CPU
		SingleImage|Mixed Platforms = SingleImage|Mixed Platforms
		SingleImage|x64 = SingleImage|x64
		SingleImage|x86 = SingleImage|x86
	EndGlobalSection
	GlobalSection(ProjectConfigurationPlatforms) = postSolution
		{0D646057-57A0-4C3A-BC8C-96840C9EE9F2}.CD_ROM|Any CPU.ActiveCfg = Release|x86
		{0D646057-57A0-4C3A-BC8C-96840C9EE9F2}.CD_ROM|Mixed Platforms.ActiveCfg = Release|x86
		{0D646057-57A0-4C3A-BC8C-96840C9EE9F2}.CD_ROM|Mixed Platforms.Build.0 = Release|x86
		{0D646057-57A0-4C3A-BC8C-96840C9EE9F2}.CD_ROM|x64.ActiveCfg = Release|Any CPU
		{0D646057-57A0-4C3A-BC8C-96840C9EE9F2}.CD_ROM|x86.ActiveCfg = Release|x86
		{0D646057-57A0-4C3A-BC8C-96840C9EE9F2}.CD_ROM|x86.Build.0 = Release|x86
		{0D646057-57A0-4C3A-BC8C-96840C9EE9F2}.Debug|Any CPU.ActiveCfg = Debug|Any CPU
		{0D646057-57A0-4C3A-BC8C-96840C9EE9F2}.Debug|Any CPU.Build.0 = Debug|Any CPU
		{0D646057-57A0-4C3A-BC8C-96840C9EE9F2}.Debug|Mixed Platforms.ActiveCfg = Debug|x86
		{0D646057-57A0-4C3A-BC8C-96840C9EE9F2}.Debug|Mixed Platforms.Build.0 = Debug|x86
		{0D646057-57A0-4C3A-BC8C-96840C9EE9F2}.Debug|x64.ActiveCfg = Debug|x86
		{0D646057-57A0-4C3A-BC8C-96840C9EE9F2}.Debug|x86.ActiveCfg = Debug|Any CPU
		{0D646057-57A0-4C3A-BC8C-96840C9EE9F2}.Debug|x86.Build.0 = Debug|Any CPU
		{0D646057-57A0-4C3A-BC8C-96840C9EE9F2}.DVD-5|Any CPU.ActiveCfg = Debug|x86
		{0D646057-57A0-4C3A-BC8C-96840C9EE9F2}.DVD-5|Mixed Platforms.ActiveCfg = Debug|x86
		{0D646057-57A0-4C3A-BC8C-96840C9EE9F2}.DVD-5|Mixed Platforms.Build.0 = Debug|x86
		{0D646057-57A0-4C3A-BC8C-96840C9EE9F2}.DVD-5|x64.ActiveCfg = Debug|Any CPU
		{0D646057-57A0-4C3A-BC8C-96840C9EE9F2}.DVD-5|x86.ActiveCfg = Debug|x86
		{0D646057-57A0-4C3A-BC8C-96840C9EE9F2}.DVD-5|x86.Build.0 = Debug|x86
		{0D646057-57A0-4C3A-BC8C-96840C9EE9F2}.Release|Any CPU.ActiveCfg = Release|Any CPU
		{0D646057-57A0-4C3A-BC8C-96840C9EE9F2}.Release|Any CPU.Build.0 = Release|Any CPU
		{0D646057-57A0-4C3A-BC8C-96840C9EE9F2}.Release|Mixed Platforms.ActiveCfg = Release|Any CPU
		{0D646057-57A0-4C3A-BC8C-96840C9EE9F2}.Release|Mixed Platforms.Build.0 = Release|Any CPU
		{0D646057-57A0-4C3A-BC8C-96840C9EE9F2}.Release|x64.ActiveCfg = Release|x86
		{0D646057-57A0-4C3A-BC8C-96840C9EE9F2}.Release|x86.ActiveCfg = Release|Any CPU
		{0D646057-57A0-4C3A-BC8C-96840C9EE9F2}.Release|x86.Build.0 = Release|Any CPU
		{0D646057-57A0-4C3A-BC8C-96840C9EE9F2}.SingleImage|Any CPU.ActiveCfg = Release|Any CPU
		{0D646057-57A0-4C3A-BC8C-96840C9EE9F2}.SingleImage|Mixed Platforms.ActiveCfg = Release|x86
		{0D646057-57A0-4C3A-BC8C-96840C9EE9F2}.SingleImage|Mixed Platforms.Build.0 = Release|x86
		{0D646057-57A0-4C3A-BC8C-96840C9EE9F2}.SingleImage|x64.ActiveCfg = Release|Any CPU
		{0D646057-57A0-4C3A-BC8C-96840C9EE9F2}.SingleImage|x86.ActiveCfg = Release|x86
		{0D646057-57A0-4C3A-BC8C-96840C9EE9F2}.SingleImage|x86.Build.0 = Release|x86
		{0F3BA261-047B-4025-BC67-21D93EC1EC93}.CD_ROM|Any CPU.ActiveCfg = Release|Any CPU
		{0F3BA261-047B-4025-BC67-21D93EC1EC93}.CD_ROM|Any CPU.Build.0 = Release|Any CPU
		{0F3BA261-047B-4025-BC67-21D93EC1EC93}.CD_ROM|Mixed Platforms.ActiveCfg = Release|Any CPU
		{0F3BA261-047B-4025-BC67-21D93EC1EC93}.CD_ROM|Mixed Platforms.Build.0 = Release|Any CPU
		{0F3BA261-047B-4025-BC67-21D93EC1EC93}.CD_ROM|x64.ActiveCfg = Release|Any CPU
		{0F3BA261-047B-4025-BC67-21D93EC1EC93}.CD_ROM|x86.ActiveCfg = Release|Any CPU
		{0F3BA261-047B-4025-BC67-21D93EC1EC93}.Debug|Any CPU.ActiveCfg = Debug|Any CPU
		{0F3BA261-047B-4025-BC67-21D93EC1EC93}.Debug|Any CPU.Build.0 = Debug|Any CPU
		{0F3BA261-047B-4025-BC67-21D93EC1EC93}.Debug|Mixed Platforms.ActiveCfg = Debug|Any CPU
		{0F3BA261-047B-4025-BC67-21D93EC1EC93}.Debug|Mixed Platforms.Build.0 = Debug|Any CPU
		{0F3BA261-047B-4025-BC67-21D93EC1EC93}.Debug|x64.ActiveCfg = Debug|Any CPU
		{0F3BA261-047B-4025-BC67-21D93EC1EC93}.Debug|x86.ActiveCfg = Debug|Any CPU
		{0F3BA261-047B-4025-BC67-21D93EC1EC93}.Debug|x86.Build.0 = Debug|Any CPU
		{0F3BA261-047B-4025-BC67-21D93EC1EC93}.DVD-5|Any CPU.ActiveCfg = Debug|Any CPU
		{0F3BA261-047B-4025-BC67-21D93EC1EC93}.DVD-5|Any CPU.Build.0 = Debug|Any CPU
		{0F3BA261-047B-4025-BC67-21D93EC1EC93}.DVD-5|Mixed Platforms.ActiveCfg = Debug|Any CPU
		{0F3BA261-047B-4025-BC67-21D93EC1EC93}.DVD-5|Mixed Platforms.Build.0 = Debug|Any CPU
		{0F3BA261-047B-4025-BC67-21D93EC1EC93}.DVD-5|x64.ActiveCfg = Debug|Any CPU
		{0F3BA261-047B-4025-BC67-21D93EC1EC93}.DVD-5|x86.ActiveCfg = Debug|Any CPU
		{0F3BA261-047B-4025-BC67-21D93EC1EC93}.Release|Any CPU.ActiveCfg = Release|Any CPU
		{0F3BA261-047B-4025-BC67-21D93EC1EC93}.Release|Any CPU.Build.0 = Release|Any CPU
		{0F3BA261-047B-4025-BC67-21D93EC1EC93}.Release|Mixed Platforms.ActiveCfg = Release|Any CPU
		{0F3BA261-047B-4025-BC67-21D93EC1EC93}.Release|Mixed Platforms.Build.0 = Release|Any CPU
		{0F3BA261-047B-4025-BC67-21D93EC1EC93}.Release|x64.ActiveCfg = Release|Any CPU
		{0F3BA261-047B-4025-BC67-21D93EC1EC93}.Release|x86.ActiveCfg = Release|Any CPU
		{0F3BA261-047B-4025-BC67-21D93EC1EC93}.SingleImage|Any CPU.ActiveCfg = Release|Any CPU
		{0F3BA261-047B-4025-BC67-21D93EC1EC93}.SingleImage|Any CPU.Build.0 = Release|Any CPU
		{0F3BA261-047B-4025-BC67-21D93EC1EC93}.SingleImage|Mixed Platforms.ActiveCfg = Release|Any CPU
		{0F3BA261-047B-4025-BC67-21D93EC1EC93}.SingleImage|Mixed Platforms.Build.0 = Release|Any CPU
		{0F3BA261-047B-4025-BC67-21D93EC1EC93}.SingleImage|x64.ActiveCfg = Release|Any CPU
		{0F3BA261-047B-4025-BC67-21D93EC1EC93}.SingleImage|x86.ActiveCfg = Release|Any CPU
		{EEB7F868-CB07-4DB3-939A-2F342EACBA9F}.CD_ROM|Any CPU.ActiveCfg = Release|Any CPU
		{EEB7F868-CB07-4DB3-939A-2F342EACBA9F}.CD_ROM|Any CPU.Build.0 = Release|Any CPU
		{EEB7F868-CB07-4DB3-939A-2F342EACBA9F}.CD_ROM|Mixed Platforms.ActiveCfg = Release|Any CPU
		{EEB7F868-CB07-4DB3-939A-2F342EACBA9F}.CD_ROM|Mixed Platforms.Build.0 = Release|Any CPU
		{EEB7F868-CB07-4DB3-939A-2F342EACBA9F}.CD_ROM|x64.ActiveCfg = Release|Any CPU
		{EEB7F868-CB07-4DB3-939A-2F342EACBA9F}.CD_ROM|x86.ActiveCfg = Release|Any CPU
		{EEB7F868-CB07-4DB3-939A-2F342EACBA9F}.Debug|Any CPU.ActiveCfg = Debug|Any CPU
		{EEB7F868-CB07-4DB3-939A-2F342EACBA9F}.Debug|Any CPU.Build.0 = Debug|Any CPU
		{EEB7F868-CB07-4DB3-939A-2F342EACBA9F}.Debug|Mixed Platforms.ActiveCfg = Debug|Any CPU
		{EEB7F868-CB07-4DB3-939A-2F342EACBA9F}.Debug|Mixed Platforms.Build.0 = Debug|Any CPU
		{EEB7F868-CB07-4DB3-939A-2F342EACBA9F}.Debug|x64.ActiveCfg = Debug|Any CPU
		{EEB7F868-CB07-4DB3-939A-2F342EACBA9F}.Debug|x86.ActiveCfg = Debug|Any CPU
		{EEB7F868-CB07-4DB3-939A-2F342EACBA9F}.Debug|x86.Build.0 = Debug|Any CPU
		{EEB7F868-CB07-4DB3-939A-2F342EACBA9F}.DVD-5|Any CPU.ActiveCfg = Debug|Any CPU
		{EEB7F868-CB07-4DB3-939A-2F342EACBA9F}.DVD-5|Any CPU.Build.0 = Debug|Any CPU
		{EEB7F868-CB07-4DB3-939A-2F342EACBA9F}.DVD-5|Mixed Platforms.ActiveCfg = Debug|Any CPU
		{EEB7F868-CB07-4DB3-939A-2F342EACBA9F}.DVD-5|Mixed Platforms.Build.0 = Debug|Any CPU
		{EEB7F868-CB07-4DB3-939A-2F342EACBA9F}.DVD-5|x64.ActiveCfg = Debug|Any CPU
		{EEB7F868-CB07-4DB3-939A-2F342EACBA9F}.DVD-5|x86.ActiveCfg = Debug|Any CPU
		{EEB7F868-CB07-4DB3-939A-2F342EACBA9F}.Release|Any CPU.ActiveCfg = Release|Any CPU
		{EEB7F868-CB07-4DB3-939A-2F342EACBA9F}.Release|Any CPU.Build.0 = Release|Any CPU
		{EEB7F868-CB07-4DB3-939A-2F342EACBA9F}.Release|Mixed Platforms.ActiveCfg = Release|Any CPU
		{EEB7F868-CB07-4DB3-939A-2F342EACBA9F}.Release|Mixed Platforms.Build.0 = Release|Any CPU
		{EEB7F868-CB07-4DB3-939A-2F342EACBA9F}.Release|x64.ActiveCfg = Release|Any CPU
		{EEB7F868-CB07-4DB3-939A-2F342EACBA9F}.Release|x86.ActiveCfg = Release|Any CPU
		{EEB7F868-CB07-4DB3-939A-2F342EACBA9F}.Release|x86.Build.0 = Release|Any CPU
		{EEB7F868-CB07-4DB3-939A-2F342EACBA9F}.SingleImage|Any CPU.ActiveCfg = Release|Any CPU
		{EEB7F868-CB07-4DB3-939A-2F342EACBA9F}.SingleImage|Any CPU.Build.0 = Release|Any CPU
		{EEB7F868-CB07-4DB3-939A-2F342EACBA9F}.SingleImage|Mixed Platforms.ActiveCfg = Release|Any CPU
		{EEB7F868-CB07-4DB3-939A-2F342EACBA9F}.SingleImage|Mixed Platforms.Build.0 = Release|Any CPU
		{EEB7F868-CB07-4DB3-939A-2F342EACBA9F}.SingleImage|x64.ActiveCfg = Release|Any CPU
		{EEB7F868-CB07-4DB3-939A-2F342EACBA9F}.SingleImage|x86.ActiveCfg = Release|Any CPU
		{129F8613-60B3-4D61-8147-723C130E6978}.CD_ROM|Any CPU.ActiveCfg = Release|Any CPU
		{129F8613-60B3-4D61-8147-723C130E6978}.CD_ROM|Any CPU.Build.0 = Release|Any CPU
		{129F8613-60B3-4D61-8147-723C130E6978}.CD_ROM|Mixed Platforms.ActiveCfg = Release|Any CPU
		{129F8613-60B3-4D61-8147-723C130E6978}.CD_ROM|Mixed Platforms.Build.0 = Release|Any CPU
		{129F8613-60B3-4D61-8147-723C130E6978}.CD_ROM|x64.ActiveCfg = Release|Any CPU
		{129F8613-60B3-4D61-8147-723C130E6978}.CD_ROM|x86.ActiveCfg = Release|Any CPU
		{129F8613-60B3-4D61-8147-723C130E6978}.Debug|Any CPU.ActiveCfg = Debug|Any CPU
		{129F8613-60B3-4D61-8147-723C130E6978}.Debug|Any CPU.Build.0 = Debug|Any CPU
		{129F8613-60B3-4D61-8147-723C130E6978}.Debug|Mixed Platforms.ActiveCfg = Debug|Any CPU
		{129F8613-60B3-4D61-8147-723C130E6978}.Debug|Mixed Platforms.Build.0 = Debug|Any CPU
		{129F8613-60B3-4D61-8147-723C130E6978}.Debug|x64.ActiveCfg = Debug|Any CPU
		{129F8613-60B3-4D61-8147-723C130E6978}.Debug|x86.ActiveCfg = Debug|Any CPU
		{129F8613-60B3-4D61-8147-723C130E6978}.Debug|x86.Build.0 = Debug|Any CPU
		{129F8613-60B3-4D61-8147-723C130E6978}.DVD-5|Any CPU.ActiveCfg = Debug|Any CPU
		{129F8613-60B3-4D61-8147-723C130E6978}.DVD-5|Any CPU.Build.0 = Debug|Any CPU
		{129F8613-60B3-4D61-8147-723C130E6978}.DVD-5|Mixed Platforms.ActiveCfg = Debug|Any CPU
		{129F8613-60B3-4D61-8147-723C130E6978}.DVD-5|Mixed Platforms.Build.0 = Debug|Any CPU
		{129F8613-60B3-4D61-8147-723C130E6978}.DVD-5|x64.ActiveCfg = Debug|Any CPU
		{129F8613-60B3-4D61-8147-723C130E6978}.DVD-5|x86.ActiveCfg = Debug|Any CPU
		{129F8613-60B3-4D61-8147-723C130E6978}.Release|Any CPU.ActiveCfg = Release|Any CPU
		{129F8613-60B3-4D61-8147-723C130E6978}.Release|Any CPU.Build.0 = Release|Any CPU
		{129F8613-60B3-4D61-8147-723C130E6978}.Release|Mixed Platforms.ActiveCfg = Release|Any CPU
		{129F8613-60B3-4D61-8147-723C130E6978}.Release|Mixed Platforms.Build.0 = Release|Any CPU
		{129F8613-60B3-4D61-8147-723C130E6978}.Release|x64.ActiveCfg = Release|Any CPU
		{129F8613-60B3-4D61-8147-723C130E6978}.Release|x86.ActiveCfg = Release|Any CPU
		{129F8613-60B3-4D61-8147-723C130E6978}.SingleImage|Any CPU.ActiveCfg = Release|Any CPU
		{129F8613-60B3-4D61-8147-723C130E6978}.SingleImage|Any CPU.Build.0 = Release|Any CPU
		{129F8613-60B3-4D61-8147-723C130E6978}.SingleImage|Mixed Platforms.ActiveCfg = Release|Any CPU
		{129F8613-60B3-4D61-8147-723C130E6978}.SingleImage|Mixed Platforms.Build.0 = Release|Any CPU
		{129F8613-60B3-4D61-8147-723C130E6978}.SingleImage|x64.ActiveCfg = Release|Any CPU
		{129F8613-60B3-4D61-8147-723C130E6978}.SingleImage|x86.ActiveCfg = Release|Any CPU
		{D25ABB48-5A87-42F0-9B5C-00433AA02664}.CD_ROM|Any CPU.ActiveCfg = Release|Any CPU
		{D25ABB48-5A87-42F0-9B5C-00433AA02664}.CD_ROM|Any CPU.Build.0 = Release|Any CPU
		{D25ABB48-5A87-42F0-9B5C-00433AA02664}.CD_ROM|Mixed Platforms.ActiveCfg = Release|Any CPU
		{D25ABB48-5A87-42F0-9B5C-00433AA02664}.CD_ROM|Mixed Platforms.Build.0 = Release|Any CPU
		{D25ABB48-5A87-42F0-9B5C-00433AA02664}.CD_ROM|x64.ActiveCfg = Release|Any CPU
		{D25ABB48-5A87-42F0-9B5C-00433AA02664}.CD_ROM|x86.ActiveCfg = Release|Any CPU
		{D25ABB48-5A87-42F0-9B5C-00433AA02664}.Debug|Any CPU.ActiveCfg = Debug|Any CPU
		{D25ABB48-5A87-42F0-9B5C-00433AA02664}.Debug|Any CPU.Build.0 = Debug|Any CPU
		{D25ABB48-5A87-42F0-9B5C-00433AA02664}.Debug|Mixed Platforms.ActiveCfg = Debug|Any CPU
		{D25ABB48-5A87-42F0-9B5C-00433AA02664}.Debug|Mixed Platforms.Build.0 = Debug|Any CPU
		{D25ABB48-5A87-42F0-9B5C-00433AA02664}.Debug|x64.ActiveCfg = Debug|Any CPU
		{D25ABB48-5A87-42F0-9B5C-00433AA02664}.Debug|x86.ActiveCfg = Debug|Any CPU
		{D25ABB48-5A87-42F0-9B5C-00433AA02664}.Debug|x86.Build.0 = Debug|Any CPU
		{D25ABB48-5A87-42F0-9B5C-00433AA02664}.DVD-5|Any CPU.ActiveCfg = Debug|Any CPU
		{D25ABB48-5A87-42F0-9B5C-00433AA02664}.DVD-5|Any CPU.Build.0 = Debug|Any CPU
		{D25ABB48-5A87-42F0-9B5C-00433AA02664}.DVD-5|Mixed Platforms.ActiveCfg = Debug|Any CPU
		{D25ABB48-5A87-42F0-9B5C-00433AA02664}.DVD-5|Mixed Platforms.Build.0 = Debug|Any CPU
		{D25ABB48-5A87-42F0-9B5C-00433AA02664}.DVD-5|x64.ActiveCfg = Debug|Any CPU
		{D25ABB48-5A87-42F0-9B5C-00433AA02664}.DVD-5|x86.ActiveCfg = Debug|Any CPU
		{D25ABB48-5A87-42F0-9B5C-00433AA02664}.Release|Any CPU.ActiveCfg = Release|Any CPU
		{D25ABB48-5A87-42F0-9B5C-00433AA02664}.Release|Any CPU.Build.0 = Release|Any CPU
		{D25ABB48-5A87-42F0-9B5C-00433AA02664}.Release|Mixed Platforms.ActiveCfg = Release|Any CPU
		{D25ABB48-5A87-42F0-9B5C-00433AA02664}.Release|Mixed Platforms.Build.0 = Release|Any CPU
		{D25ABB48-5A87-42F0-9B5C-00433AA02664}.Release|x64.ActiveCfg = Release|Any CPU
		{D25ABB48-5A87-42F0-9B5C-00433AA02664}.Release|x86.ActiveCfg = Release|Any CPU
		{D25ABB48-5A87-42F0-9B5C-00433AA02664}.SingleImage|Any CPU.ActiveCfg = Release|Any CPU
		{D25ABB48-5A87-42F0-9B5C-00433AA02664}.SingleImage|Any CPU.Build.0 = Release|Any CPU
		{D25ABB48-5A87-42F0-9B5C-00433AA02664}.SingleImage|Mixed Platforms.ActiveCfg = Release|Any CPU
		{D25ABB48-5A87-42F0-9B5C-00433AA02664}.SingleImage|Mixed Platforms.Build.0 = Release|Any CPU
		{D25ABB48-5A87-42F0-9B5C-00433AA02664}.SingleImage|x64.ActiveCfg = Release|Any CPU
		{D25ABB48-5A87-42F0-9B5C-00433AA02664}.SingleImage|x86.ActiveCfg = Release|Any CPU
		{B2982731-763B-4EB7-8E17-C34728E162B4}.CD_ROM|Any CPU.ActiveCfg = Release|x86
		{B2982731-763B-4EB7-8E17-C34728E162B4}.CD_ROM|Mixed Platforms.ActiveCfg = Release|x86
		{B2982731-763B-4EB7-8E17-C34728E162B4}.CD_ROM|Mixed Platforms.Build.0 = Release|x86
		{B2982731-763B-4EB7-8E17-C34728E162B4}.CD_ROM|x64.ActiveCfg = Release|x86
		{B2982731-763B-4EB7-8E17-C34728E162B4}.CD_ROM|x86.ActiveCfg = Release|x86
		{B2982731-763B-4EB7-8E17-C34728E162B4}.CD_ROM|x86.Build.0 = Release|x86
		{B2982731-763B-4EB7-8E17-C34728E162B4}.Debug|Any CPU.ActiveCfg = Debug|x86
		{B2982731-763B-4EB7-8E17-C34728E162B4}.Debug|Mixed Platforms.ActiveCfg = Debug|x86
		{B2982731-763B-4EB7-8E17-C34728E162B4}.Debug|Mixed Platforms.Build.0 = Debug|x86
		{B2982731-763B-4EB7-8E17-C34728E162B4}.Debug|x64.ActiveCfg = Debug|x86
		{B2982731-763B-4EB7-8E17-C34728E162B4}.Debug|x86.ActiveCfg = Debug|x86
		{B2982731-763B-4EB7-8E17-C34728E162B4}.Debug|x86.Build.0 = Debug|x86
		{B2982731-763B-4EB7-8E17-C34728E162B4}.DVD-5|Any CPU.ActiveCfg = Debug|x86
		{B2982731-763B-4EB7-8E17-C34728E162B4}.DVD-5|Mixed Platforms.ActiveCfg = Debug|x86
		{B2982731-763B-4EB7-8E17-C34728E162B4}.DVD-5|Mixed Platforms.Build.0 = Debug|x86
		{B2982731-763B-4EB7-8E17-C34728E162B4}.DVD-5|x64.ActiveCfg = Debug|x86
		{B2982731-763B-4EB7-8E17-C34728E162B4}.DVD-5|x86.ActiveCfg = Debug|x86
		{B2982731-763B-4EB7-8E17-C34728E162B4}.DVD-5|x86.Build.0 = Debug|x86
		{B2982731-763B-4EB7-8E17-C34728E162B4}.Release|Any CPU.ActiveCfg = Release|x86
		{B2982731-763B-4EB7-8E17-C34728E162B4}.Release|Mixed Platforms.ActiveCfg = Release|Any CPU
		{B2982731-763B-4EB7-8E17-C34728E162B4}.Release|Mixed Platforms.Build.0 = Release|Any CPU
		{B2982731-763B-4EB7-8E17-C34728E162B4}.Release|x64.ActiveCfg = Release|x86
		{B2982731-763B-4EB7-8E17-C34728E162B4}.Release|x86.ActiveCfg = Release|x86
		{B2982731-763B-4EB7-8E17-C34728E162B4}.Release|x86.Build.0 = Release|x86
		{B2982731-763B-4EB7-8E17-C34728E162B4}.SingleImage|Any CPU.ActiveCfg = Release|x86
		{B2982731-763B-4EB7-8E17-C34728E162B4}.SingleImage|Mixed Platforms.ActiveCfg = Release|x86
		{B2982731-763B-4EB7-8E17-C34728E162B4}.SingleImage|Mixed Platforms.Build.0 = Release|x86
		{B2982731-763B-4EB7-8E17-C34728E162B4}.SingleImage|x64.ActiveCfg = Release|x86
		{B2982731-763B-4EB7-8E17-C34728E162B4}.SingleImage|x86.ActiveCfg = Release|x86
		{B2982731-763B-4EB7-8E17-C34728E162B4}.SingleImage|x86.Build.0 = Release|x86
		{F5F81613-1B52-46DA-8D7F-F9B3899A025E}.CD_ROM|Any CPU.ActiveCfg = Release|Any CPU
		{F5F81613-1B52-46DA-8D7F-F9B3899A025E}.CD_ROM|Any CPU.Build.0 = Release|Any CPU
		{F5F81613-1B52-46DA-8D7F-F9B3899A025E}.CD_ROM|Mixed Platforms.ActiveCfg = Release|Any CPU
		{F5F81613-1B52-46DA-8D7F-F9B3899A025E}.CD_ROM|Mixed Platforms.Build.0 = Release|Any CPU
		{F5F81613-1B52-46DA-8D7F-F9B3899A025E}.CD_ROM|x64.ActiveCfg = Release|Any CPU
		{F5F81613-1B52-46DA-8D7F-F9B3899A025E}.CD_ROM|x86.ActiveCfg = Release|Any CPU
		{F5F81613-1B52-46DA-8D7F-F9B3899A025E}.Debug|Any CPU.ActiveCfg = Debug|Any CPU
		{F5F81613-1B52-46DA-8D7F-F9B3899A025E}.Debug|Any CPU.Build.0 = Debug|Any CPU
		{F5F81613-1B52-46DA-8D7F-F9B3899A025E}.Debug|Mixed Platforms.ActiveCfg = Debug|Any CPU
		{F5F81613-1B52-46DA-8D7F-F9B3899A025E}.Debug|Mixed Platforms.Build.0 = Debug|Any CPU
		{F5F81613-1B52-46DA-8D7F-F9B3899A025E}.Debug|x64.ActiveCfg = Debug|Any CPU
		{F5F81613-1B52-46DA-8D7F-F9B3899A025E}.Debug|x86.ActiveCfg = Debug|Any CPU
		{F5F81613-1B52-46DA-8D7F-F9B3899A025E}.DVD-5|Any CPU.ActiveCfg = Debug|Any CPU
		{F5F81613-1B52-46DA-8D7F-F9B3899A025E}.DVD-5|Any CPU.Build.0 = Debug|Any CPU
		{F5F81613-1B52-46DA-8D7F-F9B3899A025E}.DVD-5|Mixed Platforms.ActiveCfg = Debug|Any CPU
		{F5F81613-1B52-46DA-8D7F-F9B3899A025E}.DVD-5|Mixed Platforms.Build.0 = Debug|Any CPU
		{F5F81613-1B52-46DA-8D7F-F9B3899A025E}.DVD-5|x64.ActiveCfg = Debug|Any CPU
		{F5F81613-1B52-46DA-8D7F-F9B3899A025E}.DVD-5|x86.ActiveCfg = Debug|Any CPU
		{F5F81613-1B52-46DA-8D7F-F9B3899A025E}.Release|Any CPU.ActiveCfg = Release|Any CPU
		{F5F81613-1B52-46DA-8D7F-F9B3899A025E}.Release|Any CPU.Build.0 = Release|Any CPU
		{F5F81613-1B52-46DA-8D7F-F9B3899A025E}.Release|Mixed Platforms.ActiveCfg = Release|Any CPU
		{F5F81613-1B52-46DA-8D7F-F9B3899A025E}.Release|Mixed Platforms.Build.0 = Release|Any CPU
		{F5F81613-1B52-46DA-8D7F-F9B3899A025E}.Release|x64.ActiveCfg = Release|Any CPU
		{F5F81613-1B52-46DA-8D7F-F9B3899A025E}.Release|x86.ActiveCfg = Release|Any CPU
		{F5F81613-1B52-46DA-8D7F-F9B3899A025E}.SingleImage|Any CPU.ActiveCfg = Release|Any CPU
		{F5F81613-1B52-46DA-8D7F-F9B3899A025E}.SingleImage|Any CPU.Build.0 = Release|Any CPU
		{F5F81613-1B52-46DA-8D7F-F9B3899A025E}.SingleImage|Mixed Platforms.ActiveCfg = Release|Any CPU
		{F5F81613-1B52-46DA-8D7F-F9B3899A025E}.SingleImage|Mixed Platforms.Build.0 = Release|Any CPU
		{F5F81613-1B52-46DA-8D7F-F9B3899A025E}.SingleImage|x64.ActiveCfg = Release|Any CPU
		{F5F81613-1B52-46DA-8D7F-F9B3899A025E}.SingleImage|x86.ActiveCfg = Release|Any CPU
		{D62FD3FE-4873-408A-B750-8150943297B8}.CD_ROM|Any CPU.ActiveCfg = Release|Any CPU
		{D62FD3FE-4873-408A-B750-8150943297B8}.CD_ROM|Any CPU.Build.0 = Release|Any CPU
		{D62FD3FE-4873-408A-B750-8150943297B8}.CD_ROM|Mixed Platforms.ActiveCfg = Release|Any CPU
		{D62FD3FE-4873-408A-B750-8150943297B8}.CD_ROM|Mixed Platforms.Build.0 = Release|Any CPU
		{D62FD3FE-4873-408A-B750-8150943297B8}.CD_ROM|x64.ActiveCfg = Release|Any CPU
		{D62FD3FE-4873-408A-B750-8150943297B8}.CD_ROM|x86.ActiveCfg = Release|Any CPU
		{D62FD3FE-4873-408A-B750-8150943297B8}.Debug|Any CPU.ActiveCfg = Debug|Any CPU
		{D62FD3FE-4873-408A-B750-8150943297B8}.Debug|Any CPU.Build.0 = Debug|Any CPU
		{D62FD3FE-4873-408A-B750-8150943297B8}.Debug|Mixed Platforms.ActiveCfg = Debug|Any CPU
		{D62FD3FE-4873-408A-B750-8150943297B8}.Debug|x64.ActiveCfg = Debug|Any CPU
		{D62FD3FE-4873-408A-B750-8150943297B8}.Debug|x86.ActiveCfg = Debug|Any CPU
		{D62FD3FE-4873-408A-B750-8150943297B8}.DVD-5|Any CPU.ActiveCfg = Debug|Any CPU
		{D62FD3FE-4873-408A-B750-8150943297B8}.DVD-5|Any CPU.Build.0 = Debug|Any CPU
		{D62FD3FE-4873-408A-B750-8150943297B8}.DVD-5|Mixed Platforms.ActiveCfg = Debug|Any CPU
		{D62FD3FE-4873-408A-B750-8150943297B8}.DVD-5|Mixed Platforms.Build.0 = Debug|Any CPU
		{D62FD3FE-4873-408A-B750-8150943297B8}.DVD-5|x64.ActiveCfg = Debug|Any CPU
		{D62FD3FE-4873-408A-B750-8150943297B8}.DVD-5|x86.ActiveCfg = Debug|Any CPU
		{D62FD3FE-4873-408A-B750-8150943297B8}.Release|Any CPU.ActiveCfg = Release|Any CPU
		{D62FD3FE-4873-408A-B750-8150943297B8}.Release|Any CPU.Build.0 = Release|Any CPU
		{D62FD3FE-4873-408A-B750-8150943297B8}.Release|Mixed Platforms.ActiveCfg = Release|Any CPU
		{D62FD3FE-4873-408A-B750-8150943297B8}.Release|Mixed Platforms.Build.0 = Release|Any CPU
		{D62FD3FE-4873-408A-B750-8150943297B8}.Release|x64.ActiveCfg = Release|Any CPU
		{D62FD3FE-4873-408A-B750-8150943297B8}.Release|x86.ActiveCfg = Release|Any CPU
		{D62FD3FE-4873-408A-B750-8150943297B8}.SingleImage|Any CPU.ActiveCfg = Release|Any CPU
		{D62FD3FE-4873-408A-B750-8150943297B8}.SingleImage|Any CPU.Build.0 = Release|Any CPU
		{D62FD3FE-4873-408A-B750-8150943297B8}.SingleImage|Mixed Platforms.ActiveCfg = Release|Any CPU
		{D62FD3FE-4873-408A-B750-8150943297B8}.SingleImage|Mixed Platforms.Build.0 = Release|Any CPU
		{D62FD3FE-4873-408A-B750-8150943297B8}.SingleImage|x64.ActiveCfg = Release|Any CPU
		{D62FD3FE-4873-408A-B750-8150943297B8}.SingleImage|x86.ActiveCfg = Release|Any CPU
		{E79F82AB-79A7-4B3D-9B64-98B409299ED3}.CD_ROM|Any CPU.ActiveCfg = Release|Any CPU
		{E79F82AB-79A7-4B3D-9B64-98B409299ED3}.CD_ROM|Any CPU.Build.0 = Release|Any CPU
		{E79F82AB-79A7-4B3D-9B64-98B409299ED3}.CD_ROM|Mixed Platforms.ActiveCfg = Release|Any CPU
		{E79F82AB-79A7-4B3D-9B64-98B409299ED3}.CD_ROM|Mixed Platforms.Build.0 = Release|Any CPU
		{E79F82AB-79A7-4B3D-9B64-98B409299ED3}.CD_ROM|x64.ActiveCfg = Release|Any CPU
		{E79F82AB-79A7-4B3D-9B64-98B409299ED3}.CD_ROM|x86.ActiveCfg = Release|Any CPU
		{E79F82AB-79A7-4B3D-9B64-98B409299ED3}.Debug|Any CPU.ActiveCfg = Debug|Any CPU
		{E79F82AB-79A7-4B3D-9B64-98B409299ED3}.Debug|Any CPU.Build.0 = Debug|Any CPU
		{E79F82AB-79A7-4B3D-9B64-98B409299ED3}.Debug|Mixed Platforms.ActiveCfg = Debug|Any CPU
		{E79F82AB-79A7-4B3D-9B64-98B409299ED3}.Debug|x64.ActiveCfg = Debug|Any CPU
		{E79F82AB-79A7-4B3D-9B64-98B409299ED3}.Debug|x86.ActiveCfg = Debug|Any CPU
		{E79F82AB-79A7-4B3D-9B64-98B409299ED3}.DVD-5|Any CPU.ActiveCfg = Debug|Any CPU
		{E79F82AB-79A7-4B3D-9B64-98B409299ED3}.DVD-5|Any CPU.Build.0 = Debug|Any CPU
		{E79F82AB-79A7-4B3D-9B64-98B409299ED3}.DVD-5|Mixed Platforms.ActiveCfg = Debug|Any CPU
		{E79F82AB-79A7-4B3D-9B64-98B409299ED3}.DVD-5|Mixed Platforms.Build.0 = Debug|Any CPU
		{E79F82AB-79A7-4B3D-9B64-98B409299ED3}.DVD-5|x64.ActiveCfg = Debug|Any CPU
		{E79F82AB-79A7-4B3D-9B64-98B409299ED3}.DVD-5|x86.ActiveCfg = Debug|Any CPU
		{E79F82AB-79A7-4B3D-9B64-98B409299ED3}.Release|Any CPU.ActiveCfg = Release|Any CPU
		{E79F82AB-79A7-4B3D-9B64-98B409299ED3}.Release|Any CPU.Build.0 = Release|Any CPU
		{E79F82AB-79A7-4B3D-9B64-98B409299ED3}.Release|Mixed Platforms.ActiveCfg = Release|Any CPU
		{E79F82AB-79A7-4B3D-9B64-98B409299ED3}.Release|x64.ActiveCfg = Release|Any CPU
		{E79F82AB-79A7-4B3D-9B64-98B409299ED3}.Release|x86.ActiveCfg = Release|Any CPU
		{E79F82AB-79A7-4B3D-9B64-98B409299ED3}.SingleImage|Any CPU.ActiveCfg = Release|Any CPU
		{E79F82AB-79A7-4B3D-9B64-98B409299ED3}.SingleImage|Any CPU.Build.0 = Release|Any CPU
		{E79F82AB-79A7-4B3D-9B64-98B409299ED3}.SingleImage|Mixed Platforms.ActiveCfg = Release|Any CPU
		{E79F82AB-79A7-4B3D-9B64-98B409299ED3}.SingleImage|Mixed Platforms.Build.0 = Release|Any CPU
		{E79F82AB-79A7-4B3D-9B64-98B409299ED3}.SingleImage|x64.ActiveCfg = Release|Any CPU
		{E79F82AB-79A7-4B3D-9B64-98B409299ED3}.SingleImage|x86.ActiveCfg = Release|Any CPU
	EndGlobalSection
	GlobalSection(SolutionProperties) = preSolution
		HideSolutionNode = FALSE
	EndGlobalSection
	GlobalSection(NestedProjects) = preSolution
		{D62FD3FE-4873-408A-B750-8150943297B8} = {A1EDB2E6-C8DB-4E4B-B65C-5C4FC89EEC1C}
		{E79F82AB-79A7-4B3D-9B64-98B409299ED3} = {A1EDB2E6-C8DB-4E4B-B65C-5C4FC89EEC1C}
	EndGlobalSection
	GlobalSection(ExtensibilityGlobals) = postSolution
		SolutionGuid = {3BBE4D31-C3D4-4E02-A595-A7961EF61373}
	EndGlobalSection
EndGlobal
